github.com/boltdb/bolt v1.3.0/go.mod h1:clJnj/oiGkjum5o1McbSZDSLxVThjynRyGBgiAx27Ps=
github.com/boltdb/bolt v1.3.2-0.20180302180052-fd01fc79c553 h1:JsFGvzmvh7HGD2Q56FkCtowlJyTJcesskDcqWMG0Zho=
github.com/boltdb/bolt v1.3.2-0.20180302180052-fd01fc79c553/go.mod h1:clJnj/oiGkjum5o1McbSZDSLxVThjynRyGBgiAx27Ps=
github.com/buger/jsonparser v0.0.0-20180318095312-2cac668e8456 h1:SnUWpAH4lEUoS86woR12h21VMUbDe+DYp88V646wwMI=
github.com/buger/jsonparser v0.0.0-20180318095312-2cac668e8456/go.mod h1:bbYlZJ7hK1yFx9hf58LP0zeX7UjIGs20ufpu3evjr+s=
github.com/davecgh/go-spew v1.1.1/go.mod h1:J7Y8YcW2NihsgmVo/mv3lAwl/skON4iLHjSsI+c5H38=
github.com/dgrijalva/jwt-go v3.0.0+incompatible/go.mod h1:E3ru+11k8xSBh+hMPgOLZmtrrCbhqsmaPHjLKYnJCaQ=
github.com/dgrijalva/jwt-go v3.2.0+incompatible h1:7qlOGliEKZXTDg6OTjfoBKDXWrumCAMpl/TFQ4/5kLM=
github.com/dgrijalva/jwt-go v3.2.0+incompatible/go.mod h1:E3ru+11k8xSBh+hMPgOLZmtrrCbhqsmaPHjLKYnJCaQ=
github.com/franela/goblin v0.0.0-20170111051028-2fa789fd0c6b/go.mod h1:7dvUGVsVBjqR7JHJk0brhHOZYGmfBYOrK0ZhYMEtBr4=
github.com/getblank/blank-router v0.2.6 h1:2rhkLKxc/1+OQDtjXDUdmbdSe6icQVpw05RYrlmpHsc=
github.com/getblank/blank-router v0.2.6/go.mod h1:+qU89rrvzm24h+heCRWNcpuZ/Dy3MkPseUs7WAOIJh4=
github.com/getblank/blank-sr v0.1.37 h1:D+faJsgG6z1RZLWqBxvR0UuHCKXASXgmXSigH2iC5FA=
github.com/getblank/blank-sr v0.1.37/go.mod h1:2UcwASKl8tMv1aM4iQuui54gykGDXcTbwYjbaVjRTkw=
github.com/getblank/blank-sr v0.1.38 h1:un291LZ8O0tx11oQifSUqZILxKnF6FboRM+QVPbNd3U=
github.com/getblank/blank-sr v0.1.38/go.mod h1:2ol5qsQzicjWG4Dgp/VGtO43NyrpZAFqHF89CRQIE40=
github.com/getblank/rgx v0.0.0-20160518104151-4794b47be0bc h1:AS/g+RK/ZlOz/pWppesAFQj4oIUdnsNhqCJhuxLzZkI=
github.com/getblank/rgx v0.0.0-20160518104151-4794b47be0bc/go.mod h1:3TVOlV5Y0eD/8x2iNpKtRTJv5iB+B4juAJGj4vrfJBM=
github.com/getblank/uuid v0.0.0-20160519113122-af8bcd064446 h1:pqAb9q9WI7gYqAdHDVqJHT1XjnHDH7P4bUMW309Vpng=
github.com/getblank/uuid v0.0.0-20160519113122-af8bcd064446/go.mod h1:McMjHIFseo1OS8eA8AvlYSFxVtbUDNeMq7GKfSHbz24=
github.com/getblank/wango v0.0.0-20161019105944-d4225a993803 h1:VS8kHGH77tsOiGihL9nsJGScaa8wewcjNO85/OGrfxQ=
github.com/getblank/wango v0.0.0-20161019105944-d4225a993803/go.mod h1:O5QrzUBd9pXqJyN1LbToN1ZtyjLAa4pcgAJ5fYAYRuw=
github.com/globalsign/mgo v0.0.0-20180615134936-113d3961e731/go.mod h1:xkRDCp4j0OGD1HRkm4kmhM+pmpv3AKq5SU7GMg4oO/Q=
github.com/globalsign/mgo v0.0.0-20181015135952-eeefdecb41b8 h1:DujepqpGd1hyOd7aW59XpK7Qymp8iy83xq74fLr21is=
github.com/globalsign/mgo v0.0.0-20181015135952-eeefdecb41b8/go.mod h1:xkRDCp4j0OGD1HRkm4kmhM+pmpv3AKq5SU7GMg4oO/Q=
github.com/go-chi/chi v3.3.3-0.20180202194135-e223a795a06a+incompatible h1:ue5/sLLTAFACPizTn/ZfousIDWBhRgiHkoYNrKt+VeQ=
github.com/go-chi/chi v3.3.3-0.20180202194135-e223a795a06a+incompatible/go.mod h1:eB3wogJHnLi3x/kFX2A+IbTBlXxmMeXJVKy9tTv1XzQ=
github.com/golang-jwt/jwt v3.2.2+incompatible h1:IfV12K8xAKAnZqdXVzCZ+TOjboZ2keLg81eXfW3O+oY=
github.com/golang-jwt/jwt v3.2.2+incompatible/go.mod h1:8pz2t5EyA70fFQQSrl6XZXzqecmYZeUEB8OUGHkxJ+I=
github.com/jinzhu/copier v0.0.0-20170205151647-8bfca8a02a0c/go.mod h1:yL958EeXv8Ylng6IfnvG4oflryUi3vgA3xPs9hmII1s=
github.com/jinzhu/copier v0.0.0-20180308034124-7e38e58719c3 h1:sHsPfNMAG70QAvKbddQ0uScZCHQoZsT5NykGRCeeeIs=
github.com/jinzhu/copier v0.0.0-20180308034124-7e38e58719c3/go.mod h1:yL958EeXv8Ylng6IfnvG4oflryUi3vgA3xPs9hmII1s=
github.com/json-iterator/go v0.0.0-20180408002546-f89479f5c0d8 h1:+HSeV79vfdTefH7ZX253+TZgtS7kH+fhzg84JXvp0Sk=
github.com/json-iterator/go v0.0.0-20180408002546-f89479f5c0d8/go.mod h1:+SdeFBvtyEkXs7REEP0seUULqWtbJapLOCVDaaPEHmU=
github.com/modern-go/concurrent v0.0.0-20180306012644-bacd9c7ef1dd h1:TRLaZ9cD/w8PVh93nsPXa1VrQ6jlwL5oN8l14QlcNfg=
github.com/modern-go/concurrent v0.0.0-20180306012644-bacd9c7ef1dd/go.mod h1:6dJC0mAP4ikYIbvyc7fijjWJddQyLn8Ig3JB5CqoB9Q=
github.com/modern-go/reflect2 v0.0.0-20180320133207-05fbef0ca5da h1:ZQGIPjr1iTtUPXZFk8WShqb5G+Qg65VHFLtSvmHh+Mw=
github.com/modern-go/reflect2 v0.0.0-20180320133207-05fbef0ca5da/go.mod h1:bx2lNnkwVCuqBIxFjflWJWanXIb3RllmbCylyMrvgv0=
github.com/pkg/errors v0.8.1-0.20170505043639-c605e284fe17/go.mod h1:bwawxfHBFNV+L2hUp1rHADufV3IMtnDRdf1r5NINEl0=
github.com/pkg/errors v0.8.1-0.20180311214515-816c9085562c h1:SZvPVPsWE261bl8uxQ6Siq+ExNmYomz4CTU9E0ALgj4=
github.com/pkg/errors v0.8.1-0.20180311214515-816c9085562c/go.mod h1:bwawxfHBFNV+L2hUp1rHADufV3IMtnDRdf1r5NINEl0=
github.com/pmezard/go-difflib v1.0.0/go.mod h1:iKH77koFhYxTK1pcRnkKkqfTogsbg7gZNVY4sRDYZ/4=
github.com/robfig/cron v1.0.1-0.20171101201047-2315d5715e36 h1:rnqcu/6Ngp83VH+ZT56rZdXwLrbkszzalXB3tcvQP88=
github.com/robfig/cron v1.0.1-0.20171101201047-2315d5715e36/go.mod h1:JGuDeoQd7Z6yL4zQhZ3OPEVHB7fL6Ka6skscFHfmt2k=
github.com/sirupsen/logrus v1.0.6-0.20180329225952-778f2e774c72 h1:Q+ZnVIwiN5ZgpKd4h/7rUiJgD5pQx6WYlcvHw4yUaAs=
github.com/sirupsen/logrus v1.0.6-0.20180329225952-778f2e774c72/go.mod h1:pMByvHTf9Beacp5x1UXfOR9xyW/9antXMhjMPG0dEzc=
github.com/sirupsen/logrus v1.8.1 h1:dJKuHgqk1NNQlqoA6BTlM1Wf9DOH3NBjQyu0h9+AZZE=
github.com/sirupsen/logrus v1.8.1/go.mod h1:yWOB1SBYBC5VeMP7gHvWumXLIWorT60ONWic61uBYv0=
github.com/stretchr/testify v1.2.2/go.mod h1:a8OnRcib4nhh0OaRAV+Yts87kKdq0PP7pXfy6kDkUVs=
go.uber.org/atomic v1.3.1 h1:U8WaWEmp56LGz7PReduqHRVF6zzs9GbMC2NEZ42dxSQ=
go.uber.org/atomic v1.3.1/go.mod h1:gD2HeocX3+yG+ygLZcrzQJaqmWj9AIm7n08wl/qW/PE=
go.uber.org/multierr v1.1.1-0.20180122172545-ddea229ff1df h1:ijDSp1iOMDAWixcZLxdmOBE0N7YTvtV4s2HWE3U1CoQ=
go.uber.org/multierr v1.1.1-0.20180122172545-ddea229ff1df/go.mod h1:wR5kodmAFQ0UK8QlbwjlSNy0Z68gJhDJUG5sjR94q/0=
go.uber.org/zap v1.7.2-0.20171031232209-f85c78b1dd99 h1:0CQF83hkAiIOIJujXAwW9wrCgBN/+JxsL//nSs7loiY=
go.uber.org/zap v1.7.2-0.20171031232209-f85c78b1dd99/go.mod h1:vwi/ZaCAaUcBkycHslxD9B2zi4UTXhF60s6SWpuDF0Q=
golang.org/x/crypto v0.0.0-20170619204222-adbae1b6b6fb/go.mod h1:6SG95UA2DQfeDnfUPMdvaQW0Q7yPrPDi9nlGo2tz2b4=
golang.org/x/crypto v0.0.0-20180403160946-b2aa35443fbc h1:Kx1Ke+iCR1aDjbWXgmEQGFxoHtNL49aRZGV7/+jJ41Y=
golang.org/x/crypto v0.0.0-20180403160946-b2aa35443fbc/go.mod h1:6SG95UA2DQfeDnfUPMdvaQW0Q7yPrPDi9nlGo2tz2b4=
golang.org/x/net v0.0.0-20170621082244-057a25b06247/go.mod h1:mL1N/T3taQHkDXs73rZJwtUhF3w3ftmwwsq0BUmARs4=
golang.org/x/net v0.0.0-20180406214816-61147c48b25b h1:7rskAFQwNXGW6AD8E/6y0LDHW5mT9rsLD7ViLVFfh5w=
golang.org/x/net v0.0.0-20180406214816-61147c48b25b/go.mod h1:mL1N/T3taQHkDXs73rZJwtUhF3w3ftmwwsq0BUmARs4=
golang.org/x/sys v0.0.0-20180406135729-3b87a42e500a h1:DwI0ihryIiWlRUKL/ii7Snvn4LiL9TvMoVZq3qMbffg=
golang.org/x/sys v0.0.0-20180406135729-3b87a42e500a/go.mod h1:STP8DvDyc/dI5b8T5hshtkjS+E42TnysNCUPdjciGhY=
golang.org/x/sys v0.0.0-20191026070338-33540a1f6037/go.mod h1:h1NjWce9XRLGQEsW7wpKNCjG9DtNlClVuFLEZdDNbEs=
golang.org/x/sys v0.0.0-20210831042530-f4d43177bf5e h1:XMgFehsDnnLGtjvjOfqWSUzt0alpTR1RSEuznObga2c=
golang.org/x/sys v0.0.0-20210831042530-f4d43177bf5e/go.mod h1:oPkhp1MJrh7nUepCBck5+mAzfO9JrbApNNgaTdGDITg=
golang.org/x/tools v0.0.0-20170622020834-545ce0dcddd1/go.mod h1:n7NCudcB/nEzxVGmLbDWY5pfWTLqBcC2KZ6jyYvM4mQ=
golang.org/x/tools v0.0.0-20180401165715-ac136b6c2db7 h1:byqoMc7FrnotXX9pDK++btDs2Htz2z86lN+t3lIvbQc=
golang.org/x/tools v0.0.0-20180401165715-ac136b6c2db7/go.mod h1:n7NCudcB/nEzxVGmLbDWY5pfWTLqBcC2KZ6jyYvM4mQ=
